{
  "version": 4,
  "terraform_version": "1.5.7",
  "serial": 76,
  "lineage": "75dd1c6c-4132-35be-acba-08e9b84cf5d7",
  "outputs": {
    "kubernetes_cluster_host": {
      "value": "35.193.201.240",
      "type": "string"
    },
    "kubernetes_cluster_name": {
      "value": "airflow-gke-data-bootcamp",
      "type": "string"
    },
    "location": {
      "value": "us-central1-a",
      "type": "string"
    },
    "project_id": {
      "value": "calm-analogy-400619",
      "type": "string"
    },
    "region": {
      "value": "us-central1",
      "type": "string"
    }
  },
  "resources": [
    {
      "module": "module.cloudsql",
      "mode": "managed",
      "type": "google_sql_database",
      "name": "database",
      "provider": "provider[\"registry.terraform.io/hashicorp/google\"]",
      "instances": [
        {
          "schema_version": 0,
          "attributes": {
            "charset": "UTF8",
            "collation": "en_US.UTF8",
            "id": "projects/calm-analogy-400619/instances/data-bootcamp-pius/databases/deb_wizeline_db_pius",
            "instance": "data-bootcamp-pius",
            "name": "deb_wizeline_db_pius",
            "project": "calm-analogy-400619",
            "self_link": "https://sqladmin.googleapis.com/sql/v1beta4/projects/calm-analogy-400619/instances/data-bootcamp-pius/databases/deb_wizeline_db_pius",
            "timeouts": null
          },
          "sensitive_attributes": [],
          "private": "eyJlMmJmYjczMC1lY2FhLTExZTYtOGY4OC0zNDM2M2JjN2M0YzAiOnsiY3JlYXRlIjo5MDAwMDAwMDAwMDAsImRlbGV0ZSI6NjAwMDAwMDAwMDAwLCJ1cGRhdGUiOjYwMDAwMDAwMDAwMH19",
          "dependencies": [
            "module.cloudsql.google_sql_database_instance.sql_instance"
          ]
        }
      ]
    },
    {
      "module": "module.cloudsql",
      "mode": "managed",
      "type": "google_sql_database_instance",
      "name": "sql_instance",
      "provider": "provider[\"registry.terraform.io/hashicorp/google\"]",
      "instances": [
        {
          "schema_version": 0,
          "attributes": {
            "clone": [],
            "connection_name": "calm-analogy-400619:us-central1:data-bootcamp-pius",
            "database_version": "POSTGRES_12",
            "deletion_protection": false,
            "first_ip_address": "34.29.245.56",
            "id": "data-bootcamp-pius",
            "ip_address": [
              {
                "ip_address": "34.29.245.56",
                "time_to_retire": "",
                "type": "PRIMARY"
              },
              {
                "ip_address": "34.41.143.71",
                "time_to_retire": "",
                "type": "OUTGOING"
              }
            ],
            "master_instance_name": "",
            "name": "data-bootcamp-pius",
            "private_ip_address": "",
            "project": "calm-analogy-400619",
            "public_ip_address": "34.29.245.56",
            "region": "us-central1",
            "replica_configuration": [],
            "restore_backup_context": [],
            "root_password": null,
            "self_link": "https://sqladmin.googleapis.com/sql/v1beta4/projects/calm-analogy-400619/instances/data-bootcamp-pius",
            "server_ca_cert": [
              {
                "cert": "-----BEGIN CERTIFICATE-----\nMIIDfzCCAmegAwIBAgIBADANBgkqhkiG9w0BAQsFADB3MS0wKwYDVQQuEyQ2M2Qz\nZGViNS0yNWY5LTQ4OWMtOGIwNy01YmJmMWNmYmY1ZTAxIzAhBgNVBAMTGkdvb2ds\nZSBDbG91ZCBTUUwgU2VydmVyIENBMRQwEgYDVQQKEwtHb29nbGUsIEluYzELMAkG\nA1UEBhMCVVMwHhcNMjMxMDA1MDUyNjM2WhcNMzMxMDAyMDUyNzM2WjB3MS0wKwYD\nVQQuEyQ2M2QzZGViNS0yNWY5LTQ4OWMtOGIwNy01YmJmMWNmYmY1ZTAxIzAhBgNV\nBAMTGkdvb2dsZSBDbG91ZCBTUUwgU2VydmVyIENBMRQwEgYDVQQKEwtHb29nbGUs\nIEluYzELMAkGA1UEBhMCVVMwggEiMA0GCSqGSIb3DQEBAQUAA4IBDwAwggEKAoIB\nAQDOCm6Kmm1hFU9oRtzAthmjQWw86H0cUrE31mIlB422r+3BOecVG2TDe8LTrtpe\nx/FIP6n3edMPx/vixCYEJAEuSXNNyeNK7JIMJOeUFz099GVGCiQYKLGfY7UILlpT\ndtJBdcLuk6GZv8RauBxVBrpw69zn88vCxyWPQFus276XNwk7TIQfdUWclHR6WnZk\nRsOrHVHDdFvLtB6RgLvpufvOty6fqxdamWlBCB8RREdIsWxmbhSIPHLzPBGlxF4f\nVk07ss5x+xwX8cs49g/HmzhnEreYZA9oHj6m4DeK41lgngjX07/JZ6FdRWsPW2X/\nPBnmypCJV7AEJgTlscSZfHuLAgMBAAGjFjAUMBIGA1UdEwEB/wQIMAYBAf8CAQAw\nDQYJKoZIhvcNAQELBQADggEBAK3gRw6EPat6Hq+tfED+S3Zv4f4h+ryasb2+tai4\nsSW58LaWgpa6R0x8abBQaCNo7d7o4sjTPwDhr9wIMbVf0+q2HBsRB8lR1j1C+P4a\nonAeMwXv4AIfHWNNssYm7lna7cScw97v3woSEzXeJ5Yp3q/mQEq0HgHfi7Lyae/I\nTnM+5oRrgyS1K36O7wfgo4xJBHEg7rdgHwxuAk7LBF4qf+Kfg3B103k/HwcuXdbn\nCwkwjv9OY9V/Lh0ZyiJczQ344thRhhZ3AnISlnjNUPf/R7DYIcY0oLlW4izhv/8w\nOsHO/0wP1Z/z0YTK29eZRvSEbFFJ/XTCFSgGst0NRTDWTzA=\n-----END CERTIFICATE-----",
                "common_name": "C=US,O=Google\\, Inc,CN=Google Cloud SQL Server CA,dnQualifier=63d3deb5-25f9-489c-8b07-5bbf1cfbf5e0",
                "create_time": "2023-10-05T05:26:36.739Z",
                "expiration_time": "2033-10-02T05:27:36.739Z",
                "sha1_fingerprint": "64e1217bba288304ca58e437a07bdd9128e6b849"
              }
            ],
            "service_account_email_address": "p328938505758-pn9b83@gcp-sa-cloud-sql.iam.gserviceaccount.com",
            "settings": [
              {
                "activation_policy": "ALWAYS",
                "authorized_gae_applications": [],
                "availability_type": "ZONAL",
                "backup_configuration": [
                  {
                    "backup_retention_settings": [
                      {
                        "retained_backups": 7,
                        "retention_unit": "COUNT"
                      }
                    ],
                    "binary_log_enabled": false,
                    "enabled": false,
                    "location": "",
                    "point_in_time_recovery_enabled": false,
                    "start_time": "14:00",
                    "transaction_log_retention_days": 7
                  }
                ],
                "crash_safe_replication": false,
                "database_flags": [],
                "disk_autoresize": true,
                "disk_autoresize_limit": 0,
                "disk_size": 10,
                "disk_type": "PD_SSD",
                "insights_config": [],
                "ip_configuration": [
                  {
                    "authorized_networks": [
                      {
                        "expiration_time": "",
                        "name": "test-cluster",
                        "value": "0.0.0.0/0"
                      }
                    ],
                    "ipv4_enabled": true,
                    "private_network": "",
                    "require_ssl": false
                  }
                ],
                "location_preference": [
                  {
                    "follow_gae_application": "",
                    "zone": "us-central1-a"
                  }
                ],
                "maintenance_window": [],
                "pricing_plan": "PER_USE",
                "replication_type": "SYNCHRONOUS",
                "tier": "db-f1-micro",
                "user_labels": {},
                "version": 2
              }
            ],
            "timeouts": null
          },
          "sensitive_attributes": [],
          "private": "eyJlMmJmYjczMC1lY2FhLTExZTYtOGY4OC0zNDM2M2JjN2M0YzAiOnsiY3JlYXRlIjoxODAwMDAwMDAwMDAwLCJkZWxldGUiOjE4MDAwMDAwMDAwMDAsInVwZGF0ZSI6MTgwMDAwMDAwMDAwMH19"
        }
      ]
    },
    {
      "module": "module.cloudsql",
      "mode": "managed",
      "type": "google_sql_user",
      "name": "users",
      "provider": "provider[\"registry.terraform.io/hashicorp/google\"]",
      "instances": [
        {
          "schema_version": 1,
          "attributes": {
            "deletion_policy": null,
            "host": "",
            "id": "deb_pius//data-bootcamp-pius",
            "instance": "data-bootcamp-pius",
            "name": "deb_pius",
            "password": "deb_pius@8",
            "project": "calm-analogy-400619",
            "timeouts": null,
            "type": ""
          },
          "sensitive_attributes": [],
          "private": "eyJlMmJmYjczMC1lY2FhLTExZTYtOGY4OC0zNDM2M2JjN2M0YzAiOnsiY3JlYXRlIjo2MDAwMDAwMDAwMDAsImRlbGV0ZSI6NjAwMDAwMDAwMDAwLCJ1cGRhdGUiOjYwMDAwMDAwMDAwMH0sInNjaGVtYV92ZXJzaW9uIjoiMSJ9",
          "dependencies": [
            "module.cloudsql.google_sql_database_instance.sql_instance"
          ]
        }
      ]
    },
    {
      "module": "module.gke",
      "mode": "managed",
      "type": "google_container_cluster",
      "name": "primary",
      "provider": "provider[\"registry.terraform.io/hashicorp/google\"]",
      "instances": [
        {
          "schema_version": 1,
          "attributes": {
            "addons_config": [
              {
                "cloudrun_config": [],
                "horizontal_pod_autoscaling": [],
                "http_load_balancing": [],
                "network_policy_config": [
                  {
                    "disabled": true
                  }
                ]
              }
            ],
            "authenticator_groups_config": [],
            "cluster_autoscaling": [
              {
                "auto_provisioning_defaults": [],
                "enabled": false,
                "resource_limits": []
              }
            ],
            "cluster_ipv4_cidr": "10.4.0.0/14",
            "database_encryption": [
              {
                "key_name": "",
                "state": "DECRYPTED"
              }
            ],
            "datapath_provider": "",
            "default_max_pods_per_node": 110,
            "default_snat_status": [
              {
                "disabled": false
              }
            ],
            "description": "",
            "enable_autopilot": false,
            "enable_binary_authorization": false,
            "enable_intranode_visibility": false,
            "enable_kubernetes_alpha": false,
            "enable_legacy_abac": false,
            "enable_shielded_nodes": false,
            "enable_tpu": false,
            "endpoint": "35.193.201.240",
            "id": "projects/calm-analogy-400619/locations/us-central1-a/clusters/airflow-gke-data-bootcamp",
            "initial_node_count": 1,
            "instance_group_urls": [
              "https://www.googleapis.com/compute/v1/projects/calm-analogy-400619/zones/us-central1-a/instanceGroups/gke-airflow-gke-data-airflow-gke-data-2d9487fd-grp"
            ],
            "ip_allocation_policy": [
              {
                "cluster_ipv4_cidr_block": "10.4.0.0/14",
                "cluster_secondary_range_name": "gke-airflow-gke-data-bootcamp-pods-c72462a0",
                "services_ipv4_cidr_block": "10.2.128.0/20",
                "services_secondary_range_name": "gke-airflow-gke-data-bootcamp-services-c72462a0"
              }
            ],
            "label_fingerprint": "a9dc16a7",
            "location": "us-central1-a",
            "logging_service": "logging.googleapis.com/kubernetes",
            "maintenance_policy": [],
            "master_auth": [
              {
                "client_certificate": "",
                "client_certificate_config": [
                  {
                    "issue_client_certificate": false
                  }
                ],
                "client_key": "",
                "cluster_ca_certificate": "LS0tLS1CRUdJTiBDRVJUSUZJQ0FURS0tLS0tCk1JSUVMRENDQXBTZ0F3SUJBZ0lRQkQvc1gzNi9mcEdmZFJZZlJhQktFakFOQmdrcWhraUc5dzBCQVFzRkFEQXYKTVMwd0t3WURWUVFERXlSak1EY3lOelZoWVMwd01qWmhMVFF3T0RndFlqWXlPUzFoTkdSalpXTTRZV1kyTkdZdwpJQmNOTWpNeE1EQTFNRFF5TnpBM1doZ1BNakExTXpBNU1qY3dOVEkzTURkYU1DOHhMVEFyQmdOVkJBTVRKR013Ck56STNOV0ZoTFRBeU5tRXROREE0T0MxaU5qSTVMV0UwWkdObFl6aGhaalkwWmpDQ0FhSXdEUVlKS29aSWh2Y04KQVFFQkJRQURnZ0dQQURDQ0FZb0NnZ0dCQUtiZHd6c0J1ZmhubXhXRWN3Vlh0NFEvZVBkeVpuY0wwQVVNOWhaSgo4ZXR0V28vWEV5bDdEK1ZHOFJwRjFpbE5zS3hrUnNnb3UyT2I5Q1ovTHhSTFkrZW5kV1FQNllJSHNRNkxYTDgxCmh3cEJyMGNDVURHdzdhSHZ2VDI1QmMzSUhqVXZZcU81ekVZYVo1S01WQkVZOW5GajdZVWdiZ0paaXdjb1Z3SzIKS1kzWURtSnZBOXUwNGkxVWlVMjJvQXRwNG5wWlh4Z09aTlpGejdoYjVxZit3dXZHUm9XbG5RWWt3UzRqS2NGZgpUQzFNdXBZdWtQMmdMWjVGTy8vQkhucjBsSEYzcmpaVE56ckxwZTVtKzNpTnQ3a2paNjFWeGhLbDhIL0IzdkhxCkdiRzFocXk1MDQyb3IyZFpjNHJJamN6V2tMb3pUYmZoV0k3dlp6M3REaWJCdUY3QXdPNkxuc1RUNk93WGNwZXQKRDk1eVB2b2d5dkhtc20zUktXNUFsSUhFanRZU0RtM0FITmk1R1pUTVh6YU5yekxtZnZpMlVIV2dXVTZwUFZ1WgpsWlFvK1hQYVhjS09yUWlJcTkrWnhrVk9DaGZLT3B4SnVIVk9WU3p4cExDVXZ3M3Q3T3dmM1lzSEpOd3RqOFJqCjg3ZXBOSWc3RjRPNGc4S2xiV2RrSnU1ZzR3SURBUUFCbzBJd1FEQU9CZ05WSFE4QkFmOEVCQU1DQWdRd0R3WUQKVlIwVEFRSC9CQVV3QXdFQi96QWRCZ05WSFE0RUZnUVVuYmtQcitLazg1WDIwU1VpdVlxVW9sblY5QlF3RFFZSgpLb1pJaHZjTkFRRUxCUUFEZ2dHQkFBdElFd1MvOWNkVEhTWmowNEkxc3VMUGFTWGRWZDhyaTJsd2lNUDlBaE9yCmZpNVR3dVFTOW1pOExrT1paNTN4VWovREtkWGg1NUlJdnNwclRYRHdiNzg5aDd0aE9ZZVM1OEZZdklGQmRDZWsKSUVkdHdpbVlKZkllemVEeHFJRkUvNXFmTG45NS8wNjF3ZVAyVFdsWkZGV0QyU1AzemRSTDJUcklSN243OWE4NwpjdHM5Y28zVmtGZGJhSmtSaitvQUR1bzRuMzRLMzNudzJ3cnhjSkh5TmJOK2hWSEZ0b2RPQ2NWbE5qRnBTbE52CkVNbGFEbExUV2phZWtwM296Z2pPTnlLUW1oTzUzdElZZ1RhT21ER0VFeWpLdUREd1J2Q3FnTTViT250eDFMQWkKdjIxSWFoaEs4dFNSLzhqRVlVU05EaThJaDhvNTNFSFU4S3hweGNqamZoYkloQktQbnkzdkR4MWs2b1JsZTdaZwpsK2VaQVNnRlZpR3pKRm1ReW4vMVR2TVc0V25IVXpOMjdraWhkaDNuQWZWbUtjWXAzTUg1M25NdWMzdFNuRllnCkZTSHhkN1FTRzJKcXVpNnd5WUhYaDRra1pyaDlZalp3eDhiUE8wRkN6Y1pUUW1UVUdtUzBVN0c2OHd0R2FpNE8Kd0JEUy9nM3BGbStCenBtZWZsdzh5Zz09Ci0tLS0tRU5EIENFUlRJRklDQVRFLS0tLS0K",
                "password": "",
                "username": ""
              }
            ],
            "master_authorized_networks_config": [],
            "master_version": "1.27.3-gke.100",
            "min_master_version": null,
            "monitoring_service": "monitoring.googleapis.com/kubernetes",
            "name": "airflow-gke-data-bootcamp",
            "network": "projects/calm-analogy-400619/global/networks/calm-analogy-400619-vpc",
            "network_policy": [
              {
                "enabled": false,
                "provider": "PROVIDER_UNSPECIFIED"
              }
            ],
            "networking_mode": "VPC_NATIVE",
            "node_config": [
              {
                "disk_size_gb": 100,
                "disk_type": "pd-balanced",
                "guest_accelerator": [],
                "image_type": "COS_CONTAINERD",
                "labels": {
                  "env": "calm-analogy-400619"
                },
                "local_ssd_count": 0,
                "machine_type": "n1-standard-1",
                "metadata": {
                  "disable-legacy-endpoints": "true"
                },
                "min_cpu_platform": "",
                "oauth_scopes": [
                  "https://www.googleapis.com/auth/logging.write",
                  "https://www.googleapis.com/auth/monitoring"
                ],
                "preemptible": false,
                "service_account": "default",
                "shielded_instance_config": [
                  {
                    "enable_integrity_monitoring": true,
                    "enable_secure_boot": false
                  }
                ],
                "tags": [
                  "gke-node",
                  "calm-analogy-400619-gke"
                ],
                "taint": [],
                "workload_metadata_config": []
              }
            ],
            "node_locations": [],
            "node_pool": [
              {
                "autoscaling": [],
                "initial_node_count": 2,
                "instance_group_urls": [
                  "https://www.googleapis.com/compute/v1/projects/calm-analogy-400619/zones/us-central1-a/instanceGroupManagers/gke-airflow-gke-data-airflow-gke-data-2d9487fd-grp"
                ],
                "management": [
                  {
                    "auto_repair": true,
                    "auto_upgrade": true
                  }
                ],
                "max_pods_per_node": 110,
                "name": "airflow-gke-data-bootcamp-node-pool",
                "name_prefix": "",
                "node_config": [
                  {
                    "disk_size_gb": 100,
                    "disk_type": "pd-balanced",
                    "guest_accelerator": [],
                    "image_type": "COS_CONTAINERD",
                    "labels": {
                      "env": "calm-analogy-400619"
                    },
                    "local_ssd_count": 0,
                    "machine_type": "n1-standard-1",
                    "metadata": {
                      "disable-legacy-endpoints": "true"
                    },
                    "min_cpu_platform": "",
                    "oauth_scopes": [
                      "https://www.googleapis.com/auth/logging.write",
                      "https://www.googleapis.com/auth/monitoring"
                    ],
                    "preemptible": false,
                    "service_account": "default",
                    "shielded_instance_config": [
                      {
                        "enable_integrity_monitoring": true,
                        "enable_secure_boot": false
                      }
                    ],
                    "tags": [
                      "gke-node",
                      "calm-analogy-400619-gke"
                    ],
                    "taint": [],
                    "workload_metadata_config": []
                  }
                ],
                "node_count": 2,
                "node_locations": [
                  "us-central1-a"
                ],
                "upgrade_settings": [
                  {
                    "max_surge": 1,
                    "max_unavailable": 0
                  }
                ],
                "version": "1.27.3-gke.100"
              }
            ],
            "node_version": "1.27.3-gke.100",
            "operation": null,
            "pod_security_policy_config": [],
            "private_cluster_config": [
              {
                "enable_private_endpoint": false,
                "enable_private_nodes": false,
                "master_global_access_config": [
                  {
                    "enabled": false
                  }
                ],
                "master_ipv4_cidr_block": "",
                "peering_name": "",
                "private_endpoint": "10.0.1.2",
                "public_endpoint": "35.193.201.240"
              }
            ],
            "private_ipv6_google_access": "",
            "project": "calm-analogy-400619",
            "release_channel": [
              {
                "channel": "REGULAR"
              }
            ],
            "remove_default_node_pool": true,
            "resource_labels": {},
            "resource_usage_export_config": [],
            "self_link": "https://container.googleapis.com/v1beta1/projects/calm-analogy-400619/zones/us-central1-a/clusters/airflow-gke-data-bootcamp",
            "services_ipv4_cidr": "10.2.128.0/20",
            "subnetwork": "projects/calm-analogy-400619/regions/us-central1/subnetworks/private-0-private-subnet",
            "timeouts": null,
            "tpu_ipv4_cidr_block": "",
            "vertical_pod_autoscaling": [],
            "workload_identity_config": []
          },
          "sensitive_attributes": [],
          "private": "eyJlMmJmYjczMC1lY2FhLTExZTYtOGY4OC0zNDM2M2JjN2M0YzAiOnsiY3JlYXRlIjoyNDAwMDAwMDAwMDAwLCJkZWxldGUiOjI0MDAwMDAwMDAwMDAsInJlYWQiOjI0MDAwMDAwMDAwMDAsInVwZGF0ZSI6MzYwMDAwMDAwMDAwMH0sInNjaGVtYV92ZXJzaW9uIjoiMSJ9",
          "dependencies": [
            "module.vpc.google_compute_network.main-vpc",
            "module.vpc.google_compute_subnetwork.private_subnets"
          ]
        }
      ]
    },
    {
      "module": "module.gke",
      "mode": "managed",
      "type": "google_container_node_pool",
      "name": "primary_nodes",
      "provider": "provider[\"registry.terraform.io/hashicorp/google\"]",
      "instances": [
        {
          "schema_version": 1,
          "attributes": {
            "autoscaling": [],
            "cluster": "airflow-gke-data-bootcamp",
            "id": "projects/calm-analogy-400619/locations/us-central1-a/clusters/airflow-gke-data-bootcamp/nodePools/airflow-gke-data-bootcamp-node-pool",
            "initial_node_count": 2,
            "instance_group_urls": [
              "https://www.googleapis.com/compute/v1/projects/calm-analogy-400619/zones/us-central1-a/instanceGroupManagers/gke-airflow-gke-data-airflow-gke-data-2d9487fd-grp"
            ],
            "location": "us-central1-a",
            "management": [
              {
                "auto_repair": true,
                "auto_upgrade": true
              }
            ],
            "max_pods_per_node": 110,
            "name": "airflow-gke-data-bootcamp-node-pool",
            "name_prefix": "",
            "node_config": [
              {
                "disk_size_gb": 100,
                "disk_type": "pd-balanced",
                "guest_accelerator": [],
                "image_type": "COS_CONTAINERD",
                "labels": {
                  "env": "calm-analogy-400619"
                },
                "local_ssd_count": 0,
                "machine_type": "n1-standard-1",
                "metadata": {
                  "disable-legacy-endpoints": "true"
                },
                "min_cpu_platform": "",
                "oauth_scopes": [
                  "https://www.googleapis.com/auth/logging.write",
                  "https://www.googleapis.com/auth/monitoring"
                ],
                "preemptible": false,
                "service_account": "default",
                "shielded_instance_config": [
                  {
                    "enable_integrity_monitoring": true,
                    "enable_secure_boot": false
                  }
                ],
                "tags": [
                  "gke-node",
                  "calm-analogy-400619-gke"
                ],
                "taint": [],
                "workload_metadata_config": []
              }
            ],
            "node_count": 2,
            "node_locations": [
              "us-central1-a"
            ],
            "operation": null,
            "project": "calm-analogy-400619",
            "timeouts": null,
            "upgrade_settings": [
              {
                "max_surge": 1,
                "max_unavailable": 0
              }
            ],
            "version": "1.27.3-gke.100"
          },
          "sensitive_attributes": [],
          "private": "eyJlMmJmYjczMC1lY2FhLTExZTYtOGY4OC0zNDM2M2JjN2M0YzAiOnsiY3JlYXRlIjoxODAwMDAwMDAwMDAwLCJkZWxldGUiOjE4MDAwMDAwMDAwMDAsInVwZGF0ZSI6MTgwMDAwMDAwMDAwMH0sInNjaGVtYV92ZXJzaW9uIjoiMSJ9",
          "dependencies": [
            "module.gke.google_container_cluster.primary",
            "module.vpc.google_compute_network.main-vpc",
            "module.vpc.google_compute_subnetwork.private_subnets"
          ]
        }
      ]
    },
    {
      "module": "module.vpc",
      "mode": "managed",
      "type": "google_compute_network",
      "name": "main-vpc",
      "provider": "provider[\"registry.terraform.io/hashicorp/google\"]",
      "instances": [
        {
          "schema_version": 0,
          "attributes": {
            "auto_create_subnetworks": false,
            "delete_default_routes_on_create": false,
            "description": "",
            "gateway_ipv4": "",
            "id": "projects/calm-analogy-400619/global/networks/calm-analogy-400619-vpc",
            "mtu": 0,
            "name": "calm-analogy-400619-vpc",
            "project": "calm-analogy-400619",
            "routing_mode": "REGIONAL",
            "self_link": "https://www.googleapis.com/compute/v1/projects/calm-analogy-400619/global/networks/calm-analogy-400619-vpc",
            "timeouts": null
          },
          "sensitive_attributes": [],
          "private": "eyJlMmJmYjczMC1lY2FhLTExZTYtOGY4OC0zNDM2M2JjN2M0YzAiOnsiY3JlYXRlIjoyNDAwMDAwMDAwMDAsImRlbGV0ZSI6MjQwMDAwMDAwMDAwLCJ1cGRhdGUiOjI0MDAwMDAwMDAwMH19"
        }
      ]
    },
    {
      "module": "module.vpc",
      "mode": "managed",
      "type": "google_compute_subnetwork",
      "name": "private_subnets",
      "provider": "provider[\"registry.terraform.io/hashicorp/google\"]",
      "instances": [
        {
          "index_key": 0,
          "schema_version": 0,
          "attributes": {
            "creation_timestamp": "2023-10-04T22:26:50.719-07:00",
            "description": "",
            "fingerprint": null,
            "gateway_address": "10.0.1.1",
            "id": "projects/calm-analogy-400619/regions/us-central1/subnetworks/private-0-private-subnet",
            "ip_cidr_range": "10.0.1.0/24",
            "log_config": [],
            "name": "private-0-private-subnet",
            "network": "https://www.googleapis.com/compute/v1/projects/calm-analogy-400619/global/networks/calm-analogy-400619-vpc",
            "private_ip_google_access": false,
            "private_ipv6_google_access": "DISABLE_GOOGLE_ACCESS",
            "project": "calm-analogy-400619",
            "region": "us-central1",
            "secondary_ip_range": [
              {
                "ip_cidr_range": "10.2.128.0/20",
                "range_name": "gke-airflow-gke-data-bootcamp-services-c72462a0"
              },
              {
                "ip_cidr_range": "10.4.0.0/14",
                "range_name": "gke-airflow-gke-data-bootcamp-pods-c72462a0"
              }
            ],
            "self_link": "https://www.googleapis.com/compute/v1/projects/calm-analogy-400619/regions/us-central1/subnetworks/private-0-private-subnet",
            "timeouts": null
          },
          "sensitive_attributes": [],
          "private": "eyJlMmJmYjczMC1lY2FhLTExZTYtOGY4OC0zNDM2M2JjN2M0YzAiOnsiY3JlYXRlIjozNjAwMDAwMDAwMDAsImRlbGV0ZSI6MzYwMDAwMDAwMDAwLCJ1cGRhdGUiOjM2MDAwMDAwMDAwMH19",
          "dependencies": [
            "module.vpc.google_compute_network.main-vpc"
          ]
        },
        {
          "index_key": 1,
          "schema_version": 0,
          "attributes": {
            "creation_timestamp": "2023-10-04T22:26:51.239-07:00",
            "description": "",
            "fingerprint": null,
            "gateway_address": "10.0.2.1",
            "id": "projects/calm-analogy-400619/regions/us-central1/subnetworks/private-1-private-subnet",
            "ip_cidr_range": "10.0.2.0/24",
            "log_config": [],
            "name": "private-1-private-subnet",
            "network": "https://www.googleapis.com/compute/v1/projects/calm-analogy-400619/global/networks/calm-analogy-400619-vpc",
            "private_ip_google_access": false,
            "private_ipv6_google_access": "DISABLE_GOOGLE_ACCESS",
            "project": "calm-analogy-400619",
            "region": "us-central1",
            "secondary_ip_range": [],
            "self_link": "https://www.googleapis.com/compute/v1/projects/calm-analogy-400619/regions/us-central1/subnetworks/private-1-private-subnet",
            "timeouts": null
          },
          "sensitive_attributes": [],
          "private": "eyJlMmJmYjczMC1lY2FhLTExZTYtOGY4OC0zNDM2M2JjN2M0YzAiOnsiY3JlYXRlIjozNjAwMDAwMDAwMDAsImRlbGV0ZSI6MzYwMDAwMDAwMDAwLCJ1cGRhdGUiOjM2MDAwMDAwMDAwMH19",
          "dependencies": [
            "module.vpc.google_compute_network.main-vpc"
          ]
        },
        {
          "index_key": 2,
          "schema_version": 0,
          "attributes": {
            "creation_timestamp": "2023-10-04T22:26:51.118-07:00",
            "description": "",
            "fingerprint": null,
            "gateway_address": "10.0.3.1",
            "id": "projects/calm-analogy-400619/regions/us-central1/subnetworks/private-2-private-subnet",
            "ip_cidr_range": "10.0.3.0/24",
            "log_config": [],
            "name": "private-2-private-subnet",
            "network": "https://www.googleapis.com/compute/v1/projects/calm-analogy-400619/global/networks/calm-analogy-400619-vpc",
            "private_ip_google_access": false,
            "private_ipv6_google_access": "DISABLE_GOOGLE_ACCESS",
            "project": "calm-analogy-400619",
            "region": "us-central1",
            "secondary_ip_range": [],
            "self_link": "https://www.googleapis.com/compute/v1/projects/calm-analogy-400619/regions/us-central1/subnetworks/private-2-private-subnet",
            "timeouts": null
          },
          "sensitive_attributes": [],
          "private": "eyJlMmJmYjczMC1lY2FhLTExZTYtOGY4OC0zNDM2M2JjN2M0YzAiOnsiY3JlYXRlIjozNjAwMDAwMDAwMDAsImRlbGV0ZSI6MzYwMDAwMDAwMDAwLCJ1cGRhdGUiOjM2MDAwMDAwMDAwMH19",
          "dependencies": [
            "module.vpc.google_compute_network.main-vpc"
          ]
        }
      ]
    },
    {
      "module": "module.vpc",
      "mode": "managed",
      "type": "google_compute_subnetwork",
      "name": "public_subnets",
      "provider": "provider[\"registry.terraform.io/hashicorp/google\"]",
      "instances": [
        {
          "index_key": 0,
          "schema_version": 0,
          "attributes": {
            "creation_timestamp": "2023-10-04T22:26:51.008-07:00",
            "description": "",
            "fingerprint": null,
            "gateway_address": "10.0.4.1",
            "id": "projects/calm-analogy-400619/regions/us-central1/subnetworks/public-0-public-subnet",
            "ip_cidr_range": "10.0.4.0/24",
            "log_config": [],
            "name": "public-0-public-subnet",
            "network": "https://www.googleapis.com/compute/v1/projects/calm-analogy-400619/global/networks/calm-analogy-400619-vpc",
            "private_ip_google_access": false,
            "private_ipv6_google_access": "DISABLE_GOOGLE_ACCESS",
            "project": "calm-analogy-400619",
            "region": "us-central1",
            "secondary_ip_range": [],
            "self_link": "https://www.googleapis.com/compute/v1/projects/calm-analogy-400619/regions/us-central1/subnetworks/public-0-public-subnet",
            "timeouts": null
          },
          "sensitive_attributes": [],
          "private": "eyJlMmJmYjczMC1lY2FhLTExZTYtOGY4OC0zNDM2M2JjN2M0YzAiOnsiY3JlYXRlIjozNjAwMDAwMDAwMDAsImRlbGV0ZSI6MzYwMDAwMDAwMDAwLCJ1cGRhdGUiOjM2MDAwMDAwMDAwMH19",
          "dependencies": [
            "module.vpc.google_compute_network.main-vpc"
          ]
        },
        {
          "index_key": 1,
          "schema_version": 0,
          "attributes": {
            "creation_timestamp": "2023-10-04T22:26:51.251-07:00",
            "description": "",
            "fingerprint": null,
            "gateway_address": "10.0.5.1",
            "id": "projects/calm-analogy-400619/regions/us-central1/subnetworks/public-1-public-subnet",
            "ip_cidr_range": "10.0.5.0/24",
            "log_config": [],
            "name": "public-1-public-subnet",
            "network": "https://www.googleapis.com/compute/v1/projects/calm-analogy-400619/global/networks/calm-analogy-400619-vpc",
            "private_ip_google_access": false,
            "private_ipv6_google_access": "DISABLE_GOOGLE_ACCESS",
            "project": "calm-analogy-400619",
            "region": "us-central1",
            "secondary_ip_range": [],
            "self_link": "https://www.googleapis.com/compute/v1/projects/calm-analogy-400619/regions/us-central1/subnetworks/public-1-public-subnet",
            "timeouts": null
          },
          "sensitive_attributes": [],
          "private": "eyJlMmJmYjczMC1lY2FhLTExZTYtOGY4OC0zNDM2M2JjN2M0YzAiOnsiY3JlYXRlIjozNjAwMDAwMDAwMDAsImRlbGV0ZSI6MzYwMDAwMDAwMDAwLCJ1cGRhdGUiOjM2MDAwMDAwMDAwMH19",
          "dependencies": [
            "module.vpc.google_compute_network.main-vpc"
          ]
        },
        {
          "index_key": 2,
          "schema_version": 0,
          "attributes": {
            "creation_timestamp": "2023-10-04T22:26:51.233-07:00",
            "description": "",
            "fingerprint": null,
            "gateway_address": "10.0.6.1",
            "id": "projects/calm-analogy-400619/regions/us-central1/subnetworks/public-2-public-subnet",
            "ip_cidr_range": "10.0.6.0/24",
            "log_config": [],
            "name": "public-2-public-subnet",
            "network": "https://www.googleapis.com/compute/v1/projects/calm-analogy-400619/global/networks/calm-analogy-400619-vpc",
            "private_ip_google_access": false,
            "private_ipv6_google_access": "DISABLE_GOOGLE_ACCESS",
            "project": "calm-analogy-400619",
            "region": "us-central1",
            "secondary_ip_range": [],
            "self_link": "https://www.googleapis.com/compute/v1/projects/calm-analogy-400619/regions/us-central1/subnetworks/public-2-public-subnet",
            "timeouts": null
          },
          "sensitive_attributes": [],
          "private": "eyJlMmJmYjczMC1lY2FhLTExZTYtOGY4OC0zNDM2M2JjN2M0YzAiOnsiY3JlYXRlIjozNjAwMDAwMDAwMDAsImRlbGV0ZSI6MzYwMDAwMDAwMDAwLCJ1cGRhdGUiOjM2MDAwMDAwMDAwMH19",
          "dependencies": [
            "module.vpc.google_compute_network.main-vpc"
          ]
        }
      ]
    }
  ],
  "check_results": null
}
